hash: 58df57c55a8a62519e66f3592e14f1c30968dfda01c0bda86f8f3c886cd6f9ae
updated: 2016-03-25T23:59:14.585182731+01:00
imports:
- name: github.com/coreos/etcd
  version: 36db6cd9826638e611586c0c2fdb8a0d09085e84
  subpackages:
  - client
- name: github.com/docker/engine-api
  version: 36796384e864f4b6746e24aacc02080e465b9392
  subpackages:
  - client
  - types
  - types/filters
  - client/transport
  - client/transport/cancellable
  - types/container
  - types/network
  - types/registry
  - types/time
  - types/blkiodev
  - types/strslice
- name: github.com/docker/go-connections
  version: f549a9393d05688dff0992ef3efd8bbe6c628aeb
  subpackages:
  - nat
  - sockets
  - tlsconfig
- name: github.com/docker/go-units
  version: 5d2041e26a699eaca682e2ea41c8f891e1060444
- name: github.com/Microsoft/go-winio
  version: 8f9387ea7efabb228a981b9c381142be7667967f
- name: github.com/opencontainers/runc
  version: 344b0ccaa643d00ea29e560c982477d6d4675be8
  subpackages:
  - libcontainer/user
- name: github.com/Sirupsen/logrus
  version: 4b6ea7319e214d98c938f12692336f7ca9348d6b
- name: golang.org/x/net
  version: 1600a4cd699d70009ec28edfd69d3568f6bd757d
  subpackages:
  - context
  - proxy
- name: golang.org/x/sys
  version: 320cb01ddbbf0473674c2585f9b6e245721de355
  subpackages:
  - unix
devImports: []
